
Microsoft Visual Studio Solution File, Format Version 12.00
# Visual Studio Version 17
VisualStudioVersion = 17.1.32319.34
MinimumVisualStudioVersion = 10.0.40219.1
Project("{FAE04EC0-301F-11D3-BF4B-00C04F79EFBC}") = "Ut3CustomCrosshairs", "Ut3CustomCrosshairs.csproj", "{5B762EF7-4F45-443B-9EC6-AAF19BF9E2B5}"
EndProject
Global
	GlobalSection(SolutionConfigurationPlatforms) = preSolution
		Debug|Any CPU = Debug|Any CPU
		Release|Any CPU = Release|Any CPU
	EndGlobalSection
	GlobalSection(ProjectConfigurationPlatforms) = postSolution
		{5B762EF7-4F45-443B-9EC6-AAF19BF9E2B5}.Debug|Any CPU.ActiveCfg = Debug|Any CPU
		{5B762EF7-4F45-443B-9EC6-AAF19BF9E2B5}.Debug|Any CPU.Build.0 = Debug|Any CPU
		{5B762EF7-4F45-443B-9EC6-AAF19BF9E2B5}.Release|Any CPU.ActiveCfg = Release|Any CPU
		{5B762EF7-4F45-443B-9EC6-AAF19BF9E2B5}.Release|Any CPU.Build.0 = Release|Any CPU
	EndGlobalSection
	GlobalSection(SolutionProperties) = preSolution
		HideSolutionNode = FALSE
	EndGlobalSection
	GlobalSection(ExtensibilityGlobals) = postSolution
		SolutionGuid = {AAA8AE48-E595-4BF5-AA66-C566F473ABAF}
	EndGlobalSection
EndGlobal
